
Microsoft Visual Studio Solution File, Format Version 12.00
# Visual Studio Version 16
VisualStudioVersion = 16.0.31911.196
MinimumVisualStudioVersion = 10.0.40219.1
Project("{9A19103F-16F7-4668-BE54-9A1E7A4F7556}") = "TennisScoringDI", "TennisScoringDI\TennisScoringDI.csproj", "{403F226E-F9BA-4FAD-887D-9F56DB639CA8}"
EndProject
Project("{FAE04EC0-301F-11D3-BF4B-00C04F79EFBC}") = "TennisScoringDITests", "TennisScoringDITests\TennisScoringDITests.csproj", "{701D5433-CC2D-4C60-9F35-E598566DFAE9}"
EndProject
Global
	GlobalSection(SolutionConfigurationPlatforms) = preSolution
		Debug|Any CPU = Debug|Any CPU
		Release|Any CPU = Release|Any CPU
	EndGlobalSection
	GlobalSection(ProjectConfigurationPlatforms) = postSolution
		{403F226E-F9BA-4FAD-887D-9F56DB639CA8}.Debug|Any CPU.ActiveCfg = Debug|Any CPU
		{403F226E-F9BA-4FAD-887D-9F56DB639CA8}.Debug|Any CPU.Build.0 = Debug|Any CPU
		{403F226E-F9BA-4FAD-887D-9F56DB639CA8}.Release|Any CPU.ActiveCfg = Release|Any CPU
		{403F226E-F9BA-4FAD-887D-9F56DB639CA8}.Release|Any CPU.Build.0 = Release|Any CPU
		{701D5433-CC2D-4C60-9F35-E598566DFAE9}.Debug|Any CPU.ActiveCfg = Debug|Any CPU
		{701D5433-CC2D-4C60-9F35-E598566DFAE9}.Debug|Any CPU.Build.0 = Debug|Any CPU
		{701D5433-CC2D-4C60-9F35-E598566DFAE9}.Release|Any CPU.ActiveCfg = Release|Any CPU
		{701D5433-CC2D-4C60-9F35-E598566DFAE9}.Release|Any CPU.Build.0 = Release|Any CPU
	EndGlobalSection
	GlobalSection(SolutionProperties) = preSolution
		HideSolutionNode = FALSE
	EndGlobalSection
	GlobalSection(ExtensibilityGlobals) = postSolution
		SolutionGuid = {AD8827D5-C16D-4228-B982-D95FC08CC3EE}
	EndGlobalSection
EndGlobal
